// !$*UTF8*$!
{
	archiveVersion = 1;
	classes = {
	};
	objectVersion = 46;
	objects = {

/* Begin PBXBuildFile section */
		271C19B91F10429C00A6AA6B /* Photo+CoreDataClass.swift in Sources */ = {isa = PBXBuildFile; fileRef = 271C19B31F10429C00A6AA6B /* Photo+CoreDataClass.swift */; };
		271C19BA1F10429C00A6AA6B /* Photo+CoreDataProperties.swift in Sources */ = {isa = PBXBuildFile; fileRef = 271C19B41F10429C00A6AA6B /* Photo+CoreDataProperties.swift */; };
		271C19BB1F10429C00A6AA6B /* StoredLocation+CoreDataClass.swift in Sources */ = {isa = PBXBuildFile; fileRef = 271C19B51F10429C00A6AA6B /* StoredLocation+CoreDataClass.swift */; };
		271C19BC1F10429C00A6AA6B /* StoredLocation+CoreDataProperties.swift in Sources */ = {isa = PBXBuildFile; fileRef = 271C19B61F10429C00A6AA6B /* StoredLocation+CoreDataProperties.swift */; };
		271C19BD1F10429C00A6AA6B /* Pin_Coredata+CoreDataClass.swift in Sources */ = {isa = PBXBuildFile; fileRef = 271C19B71F10429C00A6AA6B /* Pin_Coredata+CoreDataClass.swift */; };
		271C19BE1F10429C00A6AA6B /* Pin_Coredata+CoreDataProperties.swift in Sources */ = {isa = PBXBuildFile; fileRef = 271C19B81F10429C00A6AA6B /* Pin_Coredata+CoreDataProperties.swift */; };
		271F9FEB1EF7B80600068FE1 /* PhotoAlbumViewController.swift in Sources */ = {isa = PBXBuildFile; fileRef = 271F9FEA1EF7B80600068FE1 /* PhotoAlbumViewController.swift */; };
		272D2E031EFBB543007A427C /* CoreDataModel.swift in Sources */ = {isa = PBXBuildFile; fileRef = 272D2E021EFBB543007A427C /* CoreDataModel.swift */; };
		2731A23B1EF7938A0097B1C4 /* AppDelegate.swift in Sources */ = {isa = PBXBuildFile; fileRef = 2731A23A1EF7938A0097B1C4 /* AppDelegate.swift */; };
		2731A23D1EF7938A0097B1C4 /* MapViewController.swift in Sources */ = {isa = PBXBuildFile; fileRef = 2731A23C1EF7938A0097B1C4 /* MapViewController.swift */; };
		2731A2401EF7938A0097B1C4 /* Main.storyboard in Resources */ = {isa = PBXBuildFile; fileRef = 2731A23E1EF7938A0097B1C4 /* Main.storyboard */; };
		2731A2431EF7938A0097B1C4 /* VirtualTourist_Yohan.xcdatamodeld in Sources */ = {isa = PBXBuildFile; fileRef = 2731A2411EF7938A0097B1C4 /* VirtualTourist_Yohan.xcdatamodeld */; };
		2731A2451EF7938A0097B1C4 /* Assets.xcassets in Resources */ = {isa = PBXBuildFile; fileRef = 2731A2441EF7938A0097B1C4 /* Assets.xcassets */; };
		2731A2481EF7938A0097B1C4 /* LaunchScreen.storyboard in Resources */ = {isa = PBXBuildFile; fileRef = 2731A2461EF7938A0097B1C4 /* LaunchScreen.storyboard */; };
		277B2FC51F0AFF070066F3DB /* MapPin.swift in Sources */ = {isa = PBXBuildFile; fileRef = 277B2FC41F0AFF060066F3DB /* MapPin.swift */; };
		27C2C1BF1F007E1A006CCC78 /* collectionViewCell.swift in Sources */ = {isa = PBXBuildFile; fileRef = 27C2C1BE1F007E1A006CCC78 /* collectionViewCell.swift */; };
		27D00A311F005F5E008858B8 /* Constants.swift in Sources */ = {isa = PBXBuildFile; fileRef = 27D00A301F005F5E008858B8 /* Constants.swift */; };
		27D00A331F0061CE008858B8 /* GCDBlackBox.swift in Sources */ = {isa = PBXBuildFile; fileRef = 27D00A321F0061CE008858B8 /* GCDBlackBox.swift */; };
		27D00A351F007700008858B8 /* FlickerParshing.swift in Sources */ = {isa = PBXBuildFile; fileRef = 27D00A341F007700008858B8 /* FlickerParshing.swift */; };
/* End PBXBuildFile section */

/* Begin PBXFileReference section */
		271C19B31F10429C00A6AA6B /* Photo+CoreDataClass.swift */ = {isa = PBXFileReference; fileEncoding = 4; lastKnownFileType = sourcecode.swift; name = "Photo+CoreDataClass.swift"; path = "../Photo+CoreDataClass.swift"; sourceTree = "<group>"; };
		271C19B41F10429C00A6AA6B /* Photo+CoreDataProperties.swift */ = {isa = PBXFileReference; fileEncoding = 4; lastKnownFileType = sourcecode.swift; name = "Photo+CoreDataProperties.swift"; path = "../Photo+CoreDataProperties.swift"; sourceTree = "<group>"; };
		271C19B51F10429C00A6AA6B /* StoredLocation+CoreDataClass.swift */ = {isa = PBXFileReference; fileEncoding = 4; lastKnownFileType = sourcecode.swift; name = "StoredLocation+CoreDataClass.swift"; path = "../StoredLocation+CoreDataClass.swift"; sourceTree = "<group>"; };
		271C19B61F10429C00A6AA6B /* StoredLocation+CoreDataProperties.swift */ = {isa = PBXFileReference; fileEncoding = 4; lastKnownFileType = sourcecode.swift; name = "StoredLocation+CoreDataProperties.swift"; path = "../StoredLocation+CoreDataProperties.swift"; sourceTree = "<group>"; };
		271C19B71F10429C00A6AA6B /* Pin_Coredata+CoreDataClass.swift */ = {isa = PBXFileReference; fileEncoding = 4; lastKnownFileType = sourcecode.swift; name = "Pin_Coredata+CoreDataClass.swift"; path = "../Pin_Coredata+CoreDataClass.swift"; sourceTree = "<group>"; };
		271C19B81F10429C00A6AA6B /* Pin_Coredata+CoreDataProperties.swift */ = {isa = PBXFileReference; fileEncoding = 4; lastKnownFileType = sourcecode.swift; name = "Pin_Coredata+CoreDataProperties.swift"; path = "../Pin_Coredata+CoreDataProperties.swift"; sourceTree = "<group>"; };
		271F9FEA1EF7B80600068FE1 /* PhotoAlbumViewController.swift */ = {isa = PBXFileReference; fileEncoding = 4; lastKnownFileType = sourcecode.swift; path = PhotoAlbumViewController.swift; sourceTree = "<group>"; };
		272D2E021EFBB543007A427C /* CoreDataModel.swift */ = {isa = PBXFileReference; fileEncoding = 4; lastKnownFileType = sourcecode.swift; path = CoreDataModel.swift; sourceTree = "<group>"; };
		2731A2371EF7938A0097B1C4 /* VirtualTourist_Yohan.app */ = {isa = PBXFileReference; explicitFileType = wrapper.application; includeInIndex = 0; path = VirtualTourist_Yohan.app; sourceTree = BUILT_PRODUCTS_DIR; };
		2731A23A1EF7938A0097B1C4 /* AppDelegate.swift */ = {isa = PBXFileReference; lastKnownFileType = sourcecode.swift; path = AppDelegate.swift; sourceTree = "<group>"; };
		2731A23C1EF7938A0097B1C4 /* MapViewController.swift */ = {isa = PBXFileReference; lastKnownFileType = sourcecode.swift; path = MapViewController.swift; sourceTree = "<group>"; };
		2731A23F1EF7938A0097B1C4 /* Base */ = {isa = PBXFileReference; lastKnownFileType = file.storyboard; name = Base; path = Base.lproj/Main.storyboard; sourceTree = "<group>"; };
		2731A2421EF7938A0097B1C4 /* VirtualTourist_Yohan.xcdatamodel */ = {isa = PBXFileReference; lastKnownFileType = wrapper.xcdatamodel; path = VirtualTourist_Yohan.xcdatamodel; sourceTree = "<group>"; };
		2731A2441EF7938A0097B1C4 /* Assets.xcassets */ = {isa = PBXFileReference; lastKnownFileType = folder.assetcatalog; path = Assets.xcassets; sourceTree = "<group>"; };
		2731A2471EF7938A0097B1C4 /* Base */ = {isa = PBXFileReference; lastKnownFileType = file.storyboard; name = Base; path = Base.lproj/LaunchScreen.storyboard; sourceTree = "<group>"; };
		2731A2491EF7938A0097B1C4 /* Info.plist */ = {isa = PBXFileReference; lastKnownFileType = text.plist.xml; path = Info.plist; sourceTree = "<group>"; };
		277B2FC41F0AFF060066F3DB /* MapPin.swift */ = {isa = PBXFileReference; fileEncoding = 4; lastKnownFileType = sourcecode.swift; path = MapPin.swift; sourceTree = "<group>"; };
		27C2C1BE1F007E1A006CCC78 /* collectionViewCell.swift */ = {isa = PBXFileReference; fileEncoding = 4; lastKnownFileType = sourcecode.swift; path = collectionViewCell.swift; sourceTree = "<group>"; };
		27D00A301F005F5E008858B8 /* Constants.swift */ = {isa = PBXFileReference; fileEncoding = 4; lastKnownFileType = sourcecode.swift; path = Constants.swift; sourceTree = "<group>"; };
		27D00A321F0061CE008858B8 /* GCDBlackBox.swift */ = {isa = PBXFileReference; fileEncoding = 4; lastKnownFileType = sourcecode.swift; path = GCDBlackBox.swift; sourceTree = "<group>"; };
		27D00A341F007700008858B8 /* FlickerParshing.swift */ = {isa = PBXFileReference; fileEncoding = 4; lastKnownFileType = sourcecode.swift; path = FlickerParshing.swift; sourceTree = "<group>"; };
/* End PBXFileReference section */

/* Begin PBXFrameworksBuildPhase section */
		2731A2341EF7938A0097B1C4 /* Frameworks */ = {
			isa = PBXFrameworksBuildPhase;
			buildActionMask = 2147483647;
			files = (
			);
			runOnlyForDeploymentPostprocessing = 0;
		};
/* End PBXFrameworksBuildPhase section */

/* Begin PBXGroup section */
		2731A22E1EF793890097B1C4 = {
			isa = PBXGroup;
			children = (
				2731A2391EF7938A0097B1C4 /* VirtualTourist_Yohan */,
				2731A2381EF7938A0097B1C4 /* Products */,
			);
			sourceTree = "<group>";
		};
		2731A2381EF7938A0097B1C4 /* Products */ = {
			isa = PBXGroup;
			children = (
				2731A2371EF7938A0097B1C4 /* VirtualTourist_Yohan.app */,
			);
			name = Products;
			sourceTree = "<group>";
		};
		2731A2391EF7938A0097B1C4 /* VirtualTourist_Yohan */ = {
			isa = PBXGroup;
			children = (
				2731A2511EF794440097B1C4 /* View Controller */,
				2731A2501EF7943F0097B1C4 /* Model */,
				2731A24F1EF794370097B1C4 /* View */,
				2731A2521EF794C10097B1C4 /* CoreData */,
				2731A2531EF794CD0097B1C4 /* Assets */,
			);
			path = VirtualTourist_Yohan;
			sourceTree = "<group>";
		};
		2731A24F1EF794370097B1C4 /* View */ = {
			isa = PBXGroup;
			children = (
				2731A23C1EF7938A0097B1C4 /* MapViewController.swift */,
				27C2C1BE1F007E1A006CCC78 /* collectionViewCell.swift */,
				271F9FEA1EF7B80600068FE1 /* PhotoAlbumViewController.swift */,
			);
			name = View;
			sourceTree = "<group>";
		};
		2731A2501EF7943F0097B1C4 /* Model */ = {
			isa = PBXGroup;
			children = (
				271C19B31F10429C00A6AA6B /* Photo+CoreDataClass.swift */,
				271C19B41F10429C00A6AA6B /* Photo+CoreDataProperties.swift */,
				271C19B51F10429C00A6AA6B /* StoredLocation+CoreDataClass.swift */,
				271C19B61F10429C00A6AA6B /* StoredLocation+CoreDataProperties.swift */,
				271C19B71F10429C00A6AA6B /* Pin_Coredata+CoreDataClass.swift */,
				271C19B81F10429C00A6AA6B /* Pin_Coredata+CoreDataProperties.swift */,
				2731A23A1EF7938A0097B1C4 /* AppDelegate.swift */,
				277B30421F0B92200066F3DB /* CoreData */,
				272D2E021EFBB543007A427C /* CoreDataModel.swift */,
				277B2FC41F0AFF060066F3DB /* MapPin.swift */,
				27D00A301F005F5E008858B8 /* Constants.swift */,
				27D00A321F0061CE008858B8 /* GCDBlackBox.swift */,
				27D00A341F007700008858B8 /* FlickerParshing.swift */,
			);
			name = Model;
			sourceTree = "<group>";
		};
		2731A2511EF794440097B1C4 /* View Controller */ = {
			isa = PBXGroup;
			children = (
				2731A23E1EF7938A0097B1C4 /* Main.storyboard */,
				2731A2461EF7938A0097B1C4 /* LaunchScreen.storyboard */,
			);
			name = "View Controller";
			sourceTree = "<group>";
		};
		2731A2521EF794C10097B1C4 /* CoreData */ = {
			isa = PBXGroup;
			children = (
				2731A2411EF7938A0097B1C4 /* VirtualTourist_Yohan.xcdatamodeld */,
			);
			name = CoreData;
			sourceTree = "<group>";
		};
		2731A2531EF794CD0097B1C4 /* Assets */ = {
			isa = PBXGroup;
			children = (
				2731A2441EF7938A0097B1C4 /* Assets.xcassets */,
				2731A2491EF7938A0097B1C4 /* Info.plist */,
			);
			name = Assets;
			sourceTree = "<group>";
		};
		277B30421F0B92200066F3DB /* CoreData */ = {
			isa = PBXGroup;
			children = (
			);
			name = CoreData;
			sourceTree = "<group>";
		};
/* End PBXGroup section */

/* Begin PBXNativeTarget section */
		2731A2361EF7938A0097B1C4 /* VirtualTourist_Yohan */ = {
			isa = PBXNativeTarget;
			buildConfigurationList = 2731A24C1EF7938A0097B1C4 /* Build configuration list for PBXNativeTarget "VirtualTourist_Yohan" */;
			buildPhases = (
				2731A2331EF7938A0097B1C4 /* Sources */,
				2731A2341EF7938A0097B1C4 /* Frameworks */,
				2731A2351EF7938A0097B1C4 /* Resources */,
			);
			buildRules = (
			);
			dependencies = (
			);
			name = VirtualTourist_Yohan;
			productName = VirtualTourist_Yohan;
			productReference = 2731A2371EF7938A0097B1C4 /* VirtualTourist_Yohan.app */;
			productType = "com.apple.product-type.application";
		};
/* End PBXNativeTarget section */

/* Begin PBXProject section */
		2731A22F1EF793890097B1C4 /* Project object */ = {
			isa = PBXProject;
			attributes = {
				LastSwiftUpdateCheck = 0830;
				LastUpgradeCheck = 0830;
				ORGANIZATIONNAME = "Yohan Yi";
				TargetAttributes = {
					2731A2361EF7938A0097B1C4 = {
						CreatedOnToolsVersion = 8.3.2;
						DevelopmentTeam = 3FX78D9U2N;
						ProvisioningStyle = Automatic;
					};
				};
			};
			buildConfigurationList = 2731A2321EF793890097B1C4 /* Build configuration list for PBXProject "VirtualTourist_Yohan" */;
			compatibilityVersion = "Xcode 3.2";
			developmentRegion = English;
			hasScannedForEncodings = 0;
			knownRegions = (
				en,
				Base,
			);
			mainGroup = 2731A22E1EF793890097B1C4;
			productRefGroup = 2731A2381EF7938A0097B1C4 /* Products */;
			projectDirPath = "";
			projectRoot = "";
			targets = (
				2731A2361EF7938A0097B1C4 /* VirtualTourist_Yohan */,
			);
		};
/* End PBXProject section */

/* Begin PBXResourcesBuildPhase section */
		2731A2351EF7938A0097B1C4 /* Resources */ = {
			isa = PBXResourcesBuildPhase;
			buildActionMask = 2147483647;
			files = (
				2731A2481EF7938A0097B1C4 /* LaunchScreen.storyboard in Resources */,
				2731A2451EF7938A0097B1C4 /* Assets.xcassets in Resources */,
				2731A2401EF7938A0097B1C4 /* Main.storyboard in Resources */,
			);
			runOnlyForDeploymentPostprocessing = 0;
		};
/* End PBXResourcesBuildPhase section */

/* Begin PBXSourcesBuildPhase section */
		2731A2331EF7938A0097B1C4 /* Sources */ = {
			isa = PBXSourcesBuildPhase;
			buildActionMask = 2147483647;
			files = (
				272D2E031EFBB543007A427C /* CoreDataModel.swift in Sources */,
				271C19B91F10429C00A6AA6B /* Photo+CoreDataClass.swift in Sources */,
				2731A23D1EF7938A0097B1C4 /* MapViewController.swift in Sources */,
				2731A23B1EF7938A0097B1C4 /* AppDelegate.swift in Sources */,
				271C19BE1F10429C00A6AA6B /* Pin_Coredata+CoreDataProperties.swift in Sources */,
				2731A2431EF7938A0097B1C4 /* VirtualTourist_Yohan.xcdatamodeld in Sources */,
				27D00A351F007700008858B8 /* FlickerParshing.swift in Sources */,
				271C19BA1F10429C00A6AA6B /* Photo+CoreDataProperties.swift in Sources */,
				271F9FEB1EF7B80600068FE1 /* PhotoAlbumViewController.swift in Sources */,
				277B2FC51F0AFF070066F3DB /* MapPin.swift in Sources */,
				271C19BC1F10429C00A6AA6B /* StoredLocation+CoreDataProperties.swift in Sources */,
				271C19BD1F10429C00A6AA6B /* Pin_Coredata+CoreDataClass.swift in Sources */,
				27D00A311F005F5E008858B8 /* Constants.swift in Sources */,
				27C2C1BF1F007E1A006CCC78 /* collectionViewCell.swift in Sources */,
				271C19BB1F10429C00A6AA6B /* StoredLocation+CoreDataClass.swift in Sources */,
				27D00A331F0061CE008858B8 /* GCDBlackBox.swift in Sources */,
			);
			runOnlyForDeploymentPostprocessing = 0;
		};
/* End PBXSourcesBuildPhase section */

/* Begin PBXVariantGroup section */
		2731A23E1EF7938A0097B1C4 /* Main.storyboard */ = {
			isa = PBXVariantGroup;
			children = (
				2731A23F1EF7938A0097B1C4 /* Base */,
			);
			name = Main.storyboard;
			sourceTree = "<group>";
		};
		2731A2461EF7938A0097B1C4 /* LaunchScreen.storyboard */ = {
			isa = PBXVariantGroup;
			children = (
				2731A2471EF7938A0097B1C4 /* Base */,
			);
			name = LaunchScreen.storyboard;
			sourceTree = "<group>";
		};
/* End PBXVariantGroup section */

/* Begin XCBuildConfiguration section */
		2731A24A1EF7938A0097B1C4 /* Debug */ = {
			isa = XCBuildConfiguration;
			buildSettings = {
				ALWAYS_SEARCH_USER_PATHS = NO;
				CLANG_ANALYZER_NONNULL = YES;
				CLANG_ANALYZER_NUMBER_OBJECT_CONVERSION = YES_AGGRESSIVE;
				CLANG_CXX_LANGUAGE_STANDARD = "gnu++0x";
				CLANG_CXX_LIBRARY = "libc++";
				CLANG_ENABLE_MODULES = YES;
				CLANG_ENABLE_OBJC_ARC = YES;
				CLANG_WARN_BOOL_CONVERSION = YES;
				CLANG_WARN_CONSTANT_CONVERSION = YES;
				CLANG_WARN_DIRECT_OBJC_ISA_USAGE = YES_ERROR;
				CLANG_WARN_DOCUMENTATION_COMMENTS = YES;
				CLANG_WARN_EMPTY_BODY = YES;
				CLANG_WARN_ENUM_CONVERSION = YES;
				CLANG_WARN_INFINITE_RECURSION = YES;
				CLANG_WARN_INT_CONVERSION = YES;
				CLANG_WARN_OBJC_ROOT_CLASS = YES_ERROR;
				CLANG_WARN_SUSPICIOUS_MOVE = YES;
				CLANG_WARN_UNREACHABLE_CODE = YES;
				CLANG_WARN__DUPLICATE_METHOD_MATCH = YES;
				"CODE_SIGN_IDENTITY[sdk=iphoneos*]" = "iPhone Developer";
				COPY_PHASE_STRIP = NO;
				DEBUG_INFORMATION_FORMAT = dwarf;
				ENABLE_STRICT_OBJC_MSGSEND = YES;
				ENABLE_TESTABILITY = YES;
				GCC_C_LANGUAGE_STANDARD = gnu99;
				GCC_DYNAMIC_NO_PIC = NO;
				GCC_NO_COMMON_BLOCKS = YES;
				GCC_OPTIMIZATION_LEVEL = 0;
				GCC_PREPROCESSOR_DEFINITIONS = (
					"DEBUG=1",
					"$(inherited)",
				);
				GCC_WARN_64_TO_32_BIT_CONVERSION = YES;
				GCC_WARN_ABOUT_RETURN_TYPE = YES_ERROR;
				GCC_WARN_UNDECLARED_SELECTOR = YES;
				GCC_WARN_UNINITIALIZED_AUTOS = YES_AGGRESSIVE;
				GCC_WARN_UNUSED_FUNCTION = YES;
				GCC_WARN_UNUSED_VARIABLE = YES;
				IPHONEOS_DEPLOYMENT_TARGET = 10.3;
				MTL_ENABLE_DEBUG_INFO = YES;
				ONLY_ACTIVE_ARCH = YES;
				SDKROOT = iphoneos;
				SWIFT_ACTIVE_COMPILATION_CONDITIONS = DEBUG;
				SWIFT_OPTIMIZATION_LEVEL = "-Onone";
				TARGETED_DEVICE_FAMILY = "1,2";
			};
			name = Debug;
		};
		2731A24B1EF7938A0097B1C4 /* Release */ = {
			isa = XCBuildConfiguration;
			buildSettings = {
				ALWAYS_SEARCH_USER_PATHS = NO;
				CLANG_ANALYZER_NONNULL = YES;
				CLANG_ANALYZER_NUMBER_OBJECT_CONVERSION = YES_AGGRESSIVE;
				CLANG_CXX_LANGUAGE_STANDARD = "gnu++0x";
				CLANG_CXX_LIBRARY = "libc++";
				CLANG_ENABLE_MODULES = YES;
				CLANG_ENABLE_OBJC_ARC = YES;
				CLANG_WARN_BOOL_CONVERSION = YES;
				CLANG_WARN_CONSTANT_CONVERSION = YES;
				CLANG_WARN_DIRECT_OBJC_ISA_USAGE = YES_ERROR;
				CLANG_WARN_DOCUMENTATION_COMMENTS = YES;
				CLANG_WARN_EMPTY_BODY = YES;
				CLANG_WARN_ENUM_CONVERSION = YES;
				CLANG_WARN_INFINITE_RECURSION = YES;
				CLANG_WARN_INT_CONVERSION = YES;
				CLANG_WARN_OBJC_ROOT_CLASS = YES_ERROR;
				CLANG_WARN_SUSPICIOUS_MOVE = YES;
				CLANG_WARN_UNREACHABLE_CODE = YES;
				CLANG_WARN__DUPLICATE_METHOD_MATCH = YES;
				"CODE_SIGN_IDENTITY[sdk=iphoneos*]" = "iPhone Developer";
				COPY_PHASE_STRIP = NO;
				DEBUG_INFORMATION_FORMAT = "dwarf-with-dsym";
				ENABLE_NS_ASSERTIONS = NO;
				ENABLE_STRICT_OBJC_MSGSEND = YES;
				GCC_C_LANGUAGE_STANDARD = gnu99;
				GCC_NO_COMMON_BLOCKS = YES;
				GCC_WARN_64_TO_32_BIT_CONVERSION = YES;
				GCC_WARN_ABOUT_RETURN_TYPE = YES_ERROR;
				GCC_WARN_UNDECLARED_SELECTOR = YES;
				GCC_WARN_UNINITIALIZED_AUTOS = YES_AGGRESSIVE;
				GCC_WARN_UNUSED_FUNCTION = YES;
				GCC_WARN_UNUSED_VARIABLE = YES;
				IPHONEOS_DEPLOYMENT_TARGET = 10.3;
				MTL_ENABLE_DEBUG_INFO = NO;
				SDKROOT = iphoneos;
				SWIFT_OPTIMIZATION_LEVEL = "-Owholemodule";
				TARGETED_DEVICE_FAMILY = "1,2";
				VALIDATE_PRODUCT = YES;
			};
			name = Release;
		};
		2731A24D1EF7938A0097B1C4 /* Debug */ = {
			isa = XCBuildConfiguration;
			buildSettings = {
				ASSETCATALOG_COMPILER_APPICON_NAME = AppIcon;
				DEVELOPMENT_TEAM = 3FX78D9U2N;
				INFOPLIST_FILE = VirtualTourist_Yohan/Info.plist;
				LD_RUNPATH_SEARCH_PATHS = "$(inherited) @executable_path/Frameworks";
				PRODUCT_BUNDLE_IDENTIFIER = "YohanYi.VirtualTourist-Yohan";
				PRODUCT_NAME = "$(TARGET_NAME)";
				SWIFT_OPTIMIZATION_LEVEL = "-Owholemodule";
				SWIFT_VERSION = 3.0;
			};
			name = Debug;
		};
		2731A24E1EF7938A0097B1C4 /* Release */ = {
			isa = XCBuildConfiguration;
			buildSettings = {
				ASSETCATALOG_COMPILER_APPICON_NAME = AppIcon;
				DEVELOPMENT_TEAM = 3FX78D9U2N;
				GCC_OPTIMIZATION_LEVEL = 0;
				INFOPLIST_FILE = VirtualTourist_Yohan/Info.plist;
				LD_RUNPATH_SEARCH_PATHS = "$(inherited) @executable_path/Frameworks";
				PRODUCT_BUNDLE_IDENTIFIER = "YohanYi.VirtualTourist-Yohan";
				PRODUCT_NAME = "$(TARGET_NAME)";
				SWIFT_OPTIMIZATION_LEVEL = "-Owholemodule";
				SWIFT_VERSION = 3.0;
			};
			name = Release;
		};
/* End XCBuildConfiguration section */

/* Begin XCConfigurationList section */
		2731A2321EF793890097B1C4 /* Build configuration list for PBXProject "VirtualTourist_Yohan" */ = {
			isa = XCConfigurationList;
			buildConfigurations = (
				2731A24A1EF7938A0097B1C4 /* Debug */,
				2731A24B1EF7938A0097B1C4 /* Release */,
			);
			defaultConfigurationIsVisible = 0;
			defaultConfigurationName = Release;
		};
		2731A24C1EF7938A0097B1C4 /* Build configuration list for PBXNativeTarget "VirtualTourist_Yohan" */ = {
			isa = XCConfigurationList;
			buildConfigurations = (
				2731A24D1EF7938A0097B1C4 /* Debug */,
				2731A24E1EF7938A0097B1C4 /* Release */,
			);
			defaultConfigurationIsVisible = 0;
			defaultConfigurationName = Release;
		};
/* End XCConfigurationList section */

/* Begin XCVersionGroup section */
		2731A2411EF7938A0097B1C4 /* VirtualTourist_Yohan.xcdatamodeld */ = {
			isa = XCVersionGroup;
			children = (
				2731A2421EF7938A0097B1C4 /* VirtualTourist_Yohan.xcdatamodel */,
			);
			currentVersion = 2731A2421EF7938A0097B1C4 /* VirtualTourist_Yohan.xcdatamodel */;
			path = VirtualTourist_Yohan.xcdatamodeld;
			sourceTree = "<group>";
			versionGroupType = wrapper.xcdatamodel;
		};
/* End XCVersionGroup section */
	};
	rootObject = 2731A22F1EF793890097B1C4 /* Project object */;
}
